
Microsoft Visual Studio Solution File, Format Version 12.00
# Visual Studio Version 17
VisualStudioVersion = 17.10.35027.167
MinimumVisualStudioVersion = 10.0.40219.1
Project("{FAE04EC0-301F-11D3-BF4B-00C04F79EFBC}") = "ForEducation", "ForEducation\ForEducation.csproj", "{293AC371-820A-4E1E-A29C-F81FBF667828}"
EndProject
Global
	GlobalSection(SolutionConfigurationPlatforms) = preSolution
		Debug|Any CPU = Debug|Any CPU
		Release|Any CPU = Release|Any CPU
	EndGlobalSection
	GlobalSection(ProjectConfigurationPlatforms) = postSolution
		{293AC371-820A-4E1E-A29C-F81FBF667828}.Debug|Any CPU.ActiveCfg = Debug|Any CPU
		{293AC371-820A-4E1E-A29C-F81FBF667828}.Debug|Any CPU.Build.0 = Debug|Any CPU
		{293AC371-820A-4E1E-A29C-F81FBF667828}.Release|Any CPU.ActiveCfg = Release|Any CPU
		{293AC371-820A-4E1E-A29C-F81FBF667828}.Release|Any CPU.Build.0 = Release|Any CPU
	EndGlobalSection
	GlobalSection(SolutionProperties) = preSolution
		HideSolutionNode = FALSE
	EndGlobalSection
	GlobalSection(ExtensibilityGlobals) = postSolution
		SolutionGuid = {F86A4023-6860-47F2-AA1E-A6F940FE1C01}
	EndGlobalSection
EndGlobal
